// !$*UTF8*$!
{
	archiveVersion = 1;
	classes = {
	};
	objectVersion = 77;
	objects = {

/* Begin PBXBuildFile section */
		99079F3F2E0EEBAE0039C8E4 /* FirebaseCore in Frameworks */ = {isa = PBXBuildFile; productRef = 99079F3E2E0EEBAE0039C8E4 /* FirebaseCore */; };
		99079F412E0EEBB20039C8E4 /* FirebaseAuth in Frameworks */ = {isa = PBXBuildFile; productRef = 99079F402E0EEBB20039C8E4 /* FirebaseAuth */; };
		99079F432E0EEBB70039C8E4 /* FirebaseDatabase in Frameworks */ = {isa = PBXBuildFile; productRef = 99079F422E0EEBB70039C8E4 /* FirebaseDatabase */; };
		99079F452E0EEBBB0039C8E4 /* FirebaseCrashlytics in Frameworks */ = {isa = PBXBuildFile; productRef = 99079F442E0EEBBB0039C8E4 /* FirebaseCrashlytics */; };
		99079F472E0EEBC00039C8E4 /* FirebaseFirestore in Frameworks */ = {isa = PBXBuildFile; productRef = 99079F462E0EEBC00039C8E4 /* FirebaseFirestore */; };
		99079F492E0EEBC30039C8E4 /* FirebaseAnalytics in Frameworks */ = {isa = PBXBuildFile; productRef = 99079F482E0EEBC30039C8E4 /* FirebaseAnalytics */; };
		99079F972E0F26B80039C8E4 /* GoogleSignIn in Frameworks */ = {isa = PBXBuildFile; productRef = 99079F962E0F26B80039C8E4 /* GoogleSignIn */; };
		99079F992E0F26B80039C8E4 /* GoogleSignInSwift in Frameworks */ = {isa = PBXBuildFile; productRef = 99079F982E0F26B80039C8E4 /* GoogleSignInSwift */; };
/* End PBXBuildFile section */

/* Begin PBXContainerItemProxy section */
		99079EFC2E0EB8560039C8E4 /* PBXContainerItemProxy */ = {
			isa = PBXContainerItemProxy;
			containerPortal = 99079EE32E0EB8550039C8E4 /* Project object */;
			proxyType = 1;
			remoteGlobalIDString = 99079EEA2E0EB8550039C8E4;
			remoteInfo = Justlog;
		};
		99079F062E0EB8560039C8E4 /* PBXContainerItemProxy */ = {
			isa = PBXContainerItemProxy;
			containerPortal = 99079EE32E0EB8550039C8E4 /* Project object */;
			proxyType = 1;
			remoteGlobalIDString = 99079EEA2E0EB8550039C8E4;
			remoteInfo = Justlog;
		};
/* End PBXContainerItemProxy section */

/* Begin PBXFileReference section */
		99079EEB2E0EB8550039C8E4 /* Justlog.app */ = {isa = PBXFileReference; explicitFileType = wrapper.application; includeInIndex = 0; path = Justlog.app; sourceTree = BUILT_PRODUCTS_DIR; };
		99079EFB2E0EB8560039C8E4 /* JustlogTests.xctest */ = {isa = PBXFileReference; explicitFileType = wrapper.cfbundle; includeInIndex = 0; path = JustlogTests.xctest; sourceTree = BUILT_PRODUCTS_DIR; };
		99079F052E0EB8560039C8E4 /* JustlogUITests.xctest */ = {isa = PBXFileReference; explicitFileType = wrapper.cfbundle; includeInIndex = 0; path = JustlogUITests.xctest; sourceTree = BUILT_PRODUCTS_DIR; };
/* End PBXFileReference section */

/* Begin PBXFileSystemSynchronizedBuildFileExceptionSet section */
		9907A04A2E0F37670039C8E4 /* Exceptions for "Justlog" folder in "Justlog" target */ = {
			isa = PBXFileSystemSynchronizedBuildFileExceptionSet;
			membershipExceptions = (
				Info.plist,
			);
			target = 99079EEA2E0EB8550039C8E4 /* Justlog */;
		};
/* End PBXFileSystemSynchronizedBuildFileExceptionSet section */

/* Begin PBXFileSystemSynchronizedRootGroup section */
		99079EED2E0EB8550039C8E4 /* Justlog */ = {
			isa = PBXFileSystemSynchronizedRootGroup;
			exceptions = (
				9907A04A2E0F37670039C8E4 /* Exceptions for "Justlog" folder in "Justlog" target */,
			);
			path = Justlog;
			sourceTree = "<group>";
		};
		99079EFE2E0EB8560039C8E4 /* JustlogTests */ = {
			isa = PBXFileSystemSynchronizedRootGroup;
			path = JustlogTests;
			sourceTree = "<group>";
		};
		99079F082E0EB8560039C8E4 /* JustlogUITests */ = {
			isa = PBXFileSystemSynchronizedRootGroup;
			path = JustlogUITests;
			sourceTree = "<group>";
		};
/* End PBXFileSystemSynchronizedRootGroup section */

/* Begin PBXFrameworksBuildPhase section */
		99079EE82E0EB8550039C8E4 /* Frameworks */ = {
			isa = PBXFrameworksBuildPhase;
			buildActionMask = 2147483647;
			files = (
				99079F432E0EEBB70039C8E4 /* FirebaseDatabase in Frameworks */,
				99079F452E0EEBBB0039C8E4 /* FirebaseCrashlytics in Frameworks */,
				99079F492E0EEBC30039C8E4 /* FirebaseAnalytics in Frameworks */,
				99079F992E0F26B80039C8E4 /* GoogleSignInSwift in Frameworks */,
				99079F3F2E0EEBAE0039C8E4 /* FirebaseCore in Frameworks */,
				99079F472E0EEBC00039C8E4 /* FirebaseFirestore in Frameworks */,
				99079F412E0EEBB20039C8E4 /* FirebaseAuth in Frameworks */,
				99079F972E0F26B80039C8E4 /* GoogleSignIn in Frameworks */,
			);
			runOnlyForDeploymentPostprocessing = 0;
		};
		99079EF82E0EB8560039C8E4 /* Frameworks */ = {
			isa = PBXFrameworksBuildPhase;
			buildActionMask = 2147483647;
			files = (
			);
			runOnlyForDeploymentPostprocessing = 0;
		};
		99079F022E0EB8560039C8E4 /* Frameworks */ = {
			isa = PBXFrameworksBuildPhase;
			buildActionMask = 2147483647;
			files = (
			);
			runOnlyForDeploymentPostprocessing = 0;
		};
/* End PBXFrameworksBuildPhase section */

/* Begin PBXGroup section */
		99079EE22E0EB8550039C8E4 = {
			isa = PBXGroup;
			children = (
				99079EED2E0EB8550039C8E4 /* Justlog */,
				99079EFE2E0EB8560039C8E4 /* JustlogTests */,
				99079F082E0EB8560039C8E4 /* JustlogUITests */,
				99079F3D2E0EEBAE0039C8E4 /* Frameworks */,
				99079EEC2E0EB8550039C8E4 /* Products */,
			);
			sourceTree = "<group>";
		};
		99079EEC2E0EB8550039C8E4 /* Products */ = {
			isa = PBXGroup;
			children = (
				99079EEB2E0EB8550039C8E4 /* Justlog.app */,
				99079EFB2E0EB8560039C8E4 /* JustlogTests.xctest */,
				99079F052E0EB8560039C8E4 /* JustlogUITests.xctest */,
			);
			name = Products;
			sourceTree = "<group>";
		};
		99079F3D2E0EEBAE0039C8E4 /* Frameworks */ = {
			isa = PBXGroup;
			children = (
			);
			name = Frameworks;
			sourceTree = "<group>";
		};
/* End PBXGroup section */

/* Begin PBXNativeTarget section */
		99079EEA2E0EB8550039C8E4 /* Justlog */ = {
			isa = PBXNativeTarget;
			buildConfigurationList = 99079F0F2E0EB8560039C8E4 /* Build configuration list for PBXNativeTarget "Justlog" */;
			buildPhases = (
				99079EE72E0EB8550039C8E4 /* Sources */,
				99079EE82E0EB8550039C8E4 /* Frameworks */,
				99079EE92E0EB8550039C8E4 /* Resources */,
			);
			buildRules = (
			);
			dependencies = (
			);
			fileSystemSynchronizedGroups = (
				99079EED2E0EB8550039C8E4 /* Justlog */,
			);
			name = Justlog;
			packageProductDependencies = (
				99079F3E2E0EEBAE0039C8E4 /* FirebaseCore */,
				99079F402E0EEBB20039C8E4 /* FirebaseAuth */,
				99079F422E0EEBB70039C8E4 /* FirebaseDatabase */,
				99079F442E0EEBBB0039C8E4 /* FirebaseCrashlytics */,
				99079F462E0EEBC00039C8E4 /* FirebaseFirestore */,
				99079F482E0EEBC30039C8E4 /* FirebaseAnalytics */,
				99079F962E0F26B80039C8E4 /* GoogleSignIn */,
				99079F982E0F26B80039C8E4 /* GoogleSignInSwift */,
			);
			productName = Justlog;
			productReference = 99079EEB2E0EB8550039C8E4 /* Justlog.app */;
			productType = "com.apple.product-type.application";
		};
		99079EFA2E0EB8560039C8E4 /* JustlogTests */ = {
			isa = PBXNativeTarget;
			buildConfigurationList = 99079F122E0EB8560039C8E4 /* Build configuration list for PBXNativeTarget "JustlogTests" */;
			buildPhases = (
				99079EF72E0EB8560039C8E4 /* Sources */,
				99079EF82E0EB8560039C8E4 /* Frameworks */,
				99079EF92E0EB8560039C8E4 /* Resources */,
			);
			buildRules = (
			);
			dependencies = (
				99079EFD2E0EB8560039C8E4 /* PBXTargetDependency */,
			);
			fileSystemSynchronizedGroups = (
				99079EFE2E0EB8560039C8E4 /* JustlogTests */,
			);
			name = JustlogTests;
			packageProductDependencies = (
			);
			productName = JustlogTests;
			productReference = 99079EFB2E0EB8560039C8E4 /* JustlogTests.xctest */;
			productType = "com.apple.product-type.bundle.unit-test";
		};
		99079F042E0EB8560039C8E4 /* JustlogUITests */ = {
			isa = PBXNativeTarget;
			buildConfigurationList = 99079F152E0EB8560039C8E4 /* Build configuration list for PBXNativeTarget "JustlogUITests" */;
			buildPhases = (
				99079F012E0EB8560039C8E4 /* Sources */,
				99079F022E0EB8560039C8E4 /* Frameworks */,
				99079F032E0EB8560039C8E4 /* Resources */,
			);
			buildRules = (
			);
			dependencies = (
				99079F072E0EB8560039C8E4 /* PBXTargetDependency */,
			);
			fileSystemSynchronizedGroups = (
				99079F082E0EB8560039C8E4 /* JustlogUITests */,
			);
			name = JustlogUITests;
			packageProductDependencies = (
			);
			productName = JustlogUITests;
			productReference = 99079F052E0EB8560039C8E4 /* JustlogUITests.xctest */;
			productType = "com.apple.product-type.bundle.ui-testing";
		};
/* End PBXNativeTarget section */

/* Begin PBXProject section */
		99079EE32E0EB8550039C8E4 /* Project object */ = {
			isa = PBXProject;
			attributes = {
				BuildIndependentTargetsInParallel = 1;
				LastSwiftUpdateCheck = 1620;
				LastUpgradeCheck = 1620;
				TargetAttributes = {
					99079EEA2E0EB8550039C8E4 = {
						CreatedOnToolsVersion = 16.2;
					};
					99079EFA2E0EB8560039C8E4 = {
						CreatedOnToolsVersion = 16.2;
						TestTargetID = 99079EEA2E0EB8550039C8E4;
					};
					99079F042E0EB8560039C8E4 = {
						CreatedOnToolsVersion = 16.2;
						TestTargetID = 99079EEA2E0EB8550039C8E4;
					};
				};
			};
			buildConfigurationList = 99079EE62E0EB8550039C8E4 /* Build configuration list for PBXProject "Justlog" */;
			developmentRegion = en;
			hasScannedForEncodings = 0;
			knownRegions = (
				en,
				Base,
			);
			mainGroup = 99079EE22E0EB8550039C8E4;
			minimizedProjectReferenceProxies = 1;
			packageReferences = (
				99079F1A2E0EE6600039C8E4 /* XCRemoteSwiftPackageReference "firebase-ios-sdk" */,
				99079F952E0F25A80039C8E4 /* XCRemoteSwiftPackageReference "GoogleSignIn-iOS" */,
			);
			preferredProjectObjectVersion = 77;
			productRefGroup = 99079EEC2E0EB8550039C8E4 /* Products */;
			projectDirPath = "";
			projectRoot = "";
			targets = (
				99079EEA2E0EB8550039C8E4 /* Justlog */,
				99079EFA2E0EB8560039C8E4 /* JustlogTests */,
				99079F042E0EB8560039C8E4 /* JustlogUITests */,
			);
		};
/* End PBXProject section */

/* Begin PBXResourcesBuildPhase section */
		99079EE92E0EB8550039C8E4 /* Resources */ = {
			isa = PBXResourcesBuildPhase;
			buildActionMask = 2147483647;
			files = (
			);
			runOnlyForDeploymentPostprocessing = 0;
		};
		99079EF92E0EB8560039C8E4 /* Resources */ = {
			isa = PBXResourcesBuildPhase;
			buildActionMask = 2147483647;
			files = (
			);
			runOnlyForDeploymentPostprocessing = 0;
		};
		99079F032E0EB8560039C8E4 /* Resources */ = {
			isa = PBXResourcesBuildPhase;
			buildActionMask = 2147483647;
			files = (
			);
			runOnlyForDeploymentPostprocessing = 0;
		};
/* End PBXResourcesBuildPhase section */

/* Begin PBXSourcesBuildPhase section */
		99079EE72E0EB8550039C8E4 /* Sources */ = {
			isa = PBXSourcesBuildPhase;
			buildActionMask = 2147483647;
			files = (
			);
			runOnlyForDeploymentPostprocessing = 0;
		};
		99079EF72E0EB8560039C8E4 /* Sources */ = {
			isa = PBXSourcesBuildPhase;
			buildActionMask = 2147483647;
			files = (
			);
			runOnlyForDeploymentPostprocessing = 0;
		};
		99079F012E0EB8560039C8E4 /* Sources */ = {
			isa = PBXSourcesBuildPhase;
			buildActionMask = 2147483647;
			files = (
			);
			runOnlyForDeploymentPostprocessing = 0;
		};
/* End PBXSourcesBuildPhase section */

/* Begin PBXTargetDependency section */
		99079EFD2E0EB8560039C8E4 /* PBXTargetDependency */ = {
			isa = PBXTargetDependency;
			target = 99079EEA2E0EB8550039C8E4 /* Justlog */;
			targetProxy = 99079EFC2E0EB8560039C8E4 /* PBXContainerItemProxy */;
		};
		99079F072E0EB8560039C8E4 /* PBXTargetDependency */ = {
			isa = PBXTargetDependency;
			target = 99079EEA2E0EB8550039C8E4 /* Justlog */;
			targetProxy = 99079F062E0EB8560039C8E4 /* PBXContainerItemProxy */;
		};
/* End PBXTargetDependency section */

/* Begin XCBuildConfiguration section */
		99079F0D2E0EB8560039C8E4 /* Debug */ = {
			isa = XCBuildConfiguration;
			buildSettings = {
				ALWAYS_SEARCH_USER_PATHS = NO;
				ASSETCATALOG_COMPILER_GENERATE_SWIFT_ASSET_SYMBOL_EXTENSIONS = YES;
				CLANG_ANALYZER_NONNULL = YES;
				CLANG_ANALYZER_NUMBER_OBJECT_CONVERSION = YES_AGGRESSIVE;
				CLANG_CXX_LANGUAGE_STANDARD = "gnu++20";
				CLANG_ENABLE_MODULES = YES;
				CLANG_ENABLE_OBJC_ARC = YES;
				CLANG_ENABLE_OBJC_WEAK = YES;
				CLANG_WARN_BLOCK_CAPTURE_AUTORELEASING = YES;
				CLANG_WARN_BOOL_CONVERSION = YES;
				CLANG_WARN_COMMA = YES;
				CLANG_WARN_CONSTANT_CONVERSION = YES;
				CLANG_WARN_DEPRECATED_OBJC_IMPLEMENTATIONS = YES;
				CLANG_WARN_DIRECT_OBJC_ISA_USAGE = YES_ERROR;
				CLANG_WARN_DOCUMENTATION_COMMENTS = YES;
				CLANG_WARN_EMPTY_BODY = YES;
				CLANG_WARN_ENUM_CONVERSION = YES;
				CLANG_WARN_INFINITE_RECURSION = YES;
				CLANG_WARN_INT_CONVERSION = YES;
				CLANG_WARN_NON_LITERAL_NULL_CONVERSION = YES;
				CLANG_WARN_OBJC_IMPLICIT_RETAIN_SELF = YES;
				CLANG_WARN_OBJC_LITERAL_CONVERSION = YES;
				CLANG_WARN_OBJC_ROOT_CLASS = YES_ERROR;
				CLANG_WARN_QUOTED_INCLUDE_IN_FRAMEWORK_HEADER = YES;
				CLANG_WARN_RANGE_LOOP_ANALYSIS = YES;
				CLANG_WARN_STRICT_PROTOTYPES = YES;
				CLANG_WARN_SUSPICIOUS_MOVE = YES;
				CLANG_WARN_UNGUARDED_AVAILABILITY = YES_AGGRESSIVE;
				CLANG_WARN_UNREACHABLE_CODE = YES;
				CLANG_WARN__DUPLICATE_METHOD_MATCH = YES;
				COPY_PHASE_STRIP = NO;
				DEBUG_INFORMATION_FORMAT = dwarf;
				ENABLE_STRICT_OBJC_MSGSEND = YES;
				ENABLE_TESTABILITY = YES;
				ENABLE_USER_SCRIPT_SANDBOXING = YES;
				GCC_C_LANGUAGE_STANDARD = gnu17;
				GCC_DYNAMIC_NO_PIC = NO;
				GCC_NO_COMMON_BLOCKS = YES;
				GCC_OPTIMIZATION_LEVEL = 0;
				GCC_PREPROCESSOR_DEFINITIONS = (
					"DEBUG=1",
					"$(inherited)",
				);
				GCC_WARN_64_TO_32_BIT_CONVERSION = YES;
				GCC_WARN_ABOUT_RETURN_TYPE = YES_ERROR;
				GCC_WARN_UNDECLARED_SELECTOR = YES;
				GCC_WARN_UNINITIALIZED_AUTOS = YES_AGGRESSIVE;
				GCC_WARN_UNUSED_FUNCTION = YES;
				GCC_WARN_UNUSED_VARIABLE = YES;
				IPHONEOS_DEPLOYMENT_TARGET = 18.2;
				LOCALIZATION_PREFERS_STRING_CATALOGS = YES;
				MTL_ENABLE_DEBUG_INFO = INCLUDE_SOURCE;
				MTL_FAST_MATH = YES;
				ONLY_ACTIVE_ARCH = YES;
				SDKROOT = iphoneos;
				SWIFT_ACTIVE_COMPILATION_CONDITIONS = "DEBUG $(inherited)";
				SWIFT_OPTIMIZATION_LEVEL = "-Onone";
			};
			name = Debug;
		};
		99079F0E2E0EB8560039C8E4 /* Release */ = {
			isa = XCBuildConfiguration;
			buildSettings = {
				ALWAYS_SEARCH_USER_PATHS = NO;
				ASSETCATALOG_COMPILER_GENERATE_SWIFT_ASSET_SYMBOL_EXTENSIONS = YES;
				CLANG_ANALYZER_NONNULL = YES;
				CLANG_ANALYZER_NUMBER_OBJECT_CONVERSION = YES_AGGRESSIVE;
				CLANG_CXX_LANGUAGE_STANDARD = "gnu++20";
				CLANG_ENABLE_MODULES = YES;
				CLANG_ENABLE_OBJC_ARC = YES;
				CLANG_ENABLE_OBJC_WEAK = YES;
				CLANG_WARN_BLOCK_CAPTURE_AUTORELEASING = YES;
				CLANG_WARN_BOOL_CONVERSION = YES;
				CLANG_WARN_COMMA = YES;
				CLANG_WARN_CONSTANT_CONVERSION = YES;
				CLANG_WARN_DEPRECATED_OBJC_IMPLEMENTATIONS = YES;
				CLANG_WARN_DIRECT_OBJC_ISA_USAGE = YES_ERROR;
				CLANG_WARN_DOCUMENTATION_COMMENTS = YES;
				CLANG_WARN_EMPTY_BODY = YES;
				CLANG_WARN_ENUM_CONVERSION = YES;
				CLANG_WARN_INFINITE_RECURSION = YES;
				CLANG_WARN_INT_CONVERSION = YES;
				CLANG_WARN_NON_LITERAL_NULL_CONVERSION = YES;
				CLANG_WARN_OBJC_IMPLICIT_RETAIN_SELF = YES;
				CLANG_WARN_OBJC_LITERAL_CONVERSION = YES;
				CLANG_WARN_OBJC_ROOT_CLASS = YES_ERROR;
				CLANG_WARN_QUOTED_INCLUDE_IN_FRAMEWORK_HEADER = YES;
				CLANG_WARN_RANGE_LOOP_ANALYSIS = YES;
				CLANG_WARN_STRICT_PROTOTYPES = YES;
				CLANG_WARN_SUSPICIOUS_MOVE = YES;
				CLANG_WARN_UNGUARDED_AVAILABILITY = YES_AGGRESSIVE;
				CLANG_WARN_UNREACHABLE_CODE = YES;
				CLANG_WARN__DUPLICATE_METHOD_MATCH = YES;
				COPY_PHASE_STRIP = NO;
				DEBUG_INFORMATION_FORMAT = "dwarf-with-dsym";
				ENABLE_NS_ASSERTIONS = NO;
				ENABLE_STRICT_OBJC_MSGSEND = YES;
				ENABLE_USER_SCRIPT_SANDBOXING = YES;
				GCC_C_LANGUAGE_STANDARD = gnu17;
				GCC_NO_COMMON_BLOCKS = YES;
				GCC_WARN_64_TO_32_BIT_CONVERSION = YES;
				GCC_WARN_ABOUT_RETURN_TYPE = YES_ERROR;
				GCC_WARN_UNDECLARED_SELECTOR = YES;
				GCC_WARN_UNINITIALIZED_AUTOS = YES_AGGRESSIVE;
				GCC_WARN_UNUSED_FUNCTION = YES;
				GCC_WARN_UNUSED_VARIABLE = YES;
				IPHONEOS_DEPLOYMENT_TARGET = 18.2;
				LOCALIZATION_PREFERS_STRING_CATALOGS = YES;
				MTL_ENABLE_DEBUG_INFO = NO;
				MTL_FAST_MATH = YES;
				SDKROOT = iphoneos;
				SWIFT_COMPILATION_MODE = wholemodule;
				VALIDATE_PRODUCT = YES;
			};
			name = Release;
		};
		99079F102E0EB8560039C8E4 /* Debug */ = {
			isa = XCBuildConfiguration;
			buildSettings = {
				ASSETCATALOG_COMPILER_APPICON_NAME = AppIcon;
				ASSETCATALOG_COMPILER_GLOBAL_ACCENT_COLOR_NAME = AccentColor;
				CODE_SIGN_STYLE = Automatic;
				CURRENT_PROJECT_VERSION = 1;
				DEVELOPMENT_ASSET_PATHS = "\"Justlog/Preview Content\"";
				DEVELOPMENT_TEAM = 63Q9843R77;
				ENABLE_PREVIEWS = YES;
				GENERATE_INFOPLIST_FILE = NO;
				INFOPLIST_FILE = Justlog/Info.plist;
				INFOPLIST_KEY_LSApplicationCategoryType = "public.app-category.healthcare-fitness";
				INFOPLIST_KEY_UIApplicationSceneManifest_Generation = YES;
				INFOPLIST_KEY_UIApplicationSupportsIndirectInputEvents = YES;
				INFOPLIST_KEY_UILaunchScreen_Generation = YES;
				INFOPLIST_KEY_UISupportedInterfaceOrientations_iPad = "UIInterfaceOrientationPortrait UIInterfaceOrientationPortraitUpsideDown UIInterfaceOrientationLandscapeLeft UIInterfaceOrientationLandscapeRight";
				INFOPLIST_KEY_UISupportedInterfaceOrientations_iPhone = "UIInterfaceOrientationPortrait UIInterfaceOrientationLandscapeLeft UIInterfaceOrientationLandscapeRight";
				IPHONEOS_DEPLOYMENT_TARGET = 17.6;
				LD_RUNPATH_SEARCH_PATHS = (
					"$(inherited)",
					"@executable_path/Frameworks",
				);
				MARKETING_VERSION = 1.0;
				PRODUCT_BUNDLE_IDENTIFIER = com.rimapps.justlog;
				PRODUCT_NAME = "$(TARGET_NAME)";
				SUPPORTED_PLATFORMS = "iphoneos iphonesimulator";
				SUPPORTS_MACCATALYST = NO;
				SUPPORTS_MAC_DESIGNED_FOR_IPHONE_IPAD = NO;
				SUPPORTS_XR_DESIGNED_FOR_IPHONE_IPAD = NO;
				SWIFT_EMIT_LOC_STRINGS = YES;
				SWIFT_VERSION = 5.0;
				TARGETED_DEVICE_FAMILY = 1;
			};
			name = Debug;
		};
		99079F112E0EB8560039C8E4 /* Release */ = {
			isa = XCBuildConfiguration;
			buildSettings = {
				ASSETCATALOG_COMPILER_APPICON_NAME = AppIcon;
				ASSETCATALOG_COMPILER_GLOBAL_ACCENT_COLOR_NAME = AccentColor;
				CODE_SIGN_STYLE = Automatic;
				CURRENT_PROJECT_VERSION = 1;
				DEVELOPMENT_ASSET_PATHS = "\"Justlog/Preview Content\"";
				DEVELOPMENT_TEAM = 63Q9843R77;
				ENABLE_PREVIEWS = YES;
				GENERATE_INFOPLIST_FILE = NO;
				INFOPLIST_FILE = Justlog/Info.plist;
				INFOPLIST_KEY_LSApplicationCategoryType = "public.app-category.healthcare-fitness";
				INFOPLIST_KEY_UIApplicationSceneManifest_Generation = YES;
				INFOPLIST_KEY_UIApplicationSupportsIndirectInputEvents = YES;
				INFOPLIST_KEY_UILaunchScreen_Generation = YES;
				INFOPLIST_KEY_UISupportedInterfaceOrientations_iPad = "UIInterfaceOrientationPortrait UIInterfaceOrientationPortraitUpsideDown UIInterfaceOrientationLandscapeLeft UIInterfaceOrientationLandscapeRight";
				INFOPLIST_KEY_UISupportedInterfaceOrientations_iPhone = "UIInterfaceOrientationPortrait UIInterfaceOrientationLandscapeLeft UIInterfaceOrientationLandscapeRight";
				IPHONEOS_DEPLOYMENT_TARGET = 17.6;
				LD_RUNPATH_SEARCH_PATHS = (
					"$(inherited)",
					"@executable_path/Frameworks",
				);
				MARKETING_VERSION = 1.0;
				PRODUCT_BUNDLE_IDENTIFIER = com.rimapps.justlog;
				PRODUCT_NAME = "$(TARGET_NAME)";
				SUPPORTED_PLATFORMS = "iphoneos iphonesimulator";
				SUPPORTS_MACCATALYST = NO;
				SUPPORTS_MAC_DESIGNED_FOR_IPHONE_IPAD = NO;
				SUPPORTS_XR_DESIGNED_FOR_IPHONE_IPAD = NO;
				SWIFT_EMIT_LOC_STRINGS = YES;
				SWIFT_VERSION = 5.0;
				TARGETED_DEVICE_FAMILY = 1;
			};
			name = Release;
		};
		99079F132E0EB8560039C8E4 /* Debug */ = {
			isa = XCBuildConfiguration;
			buildSettings = {
				BUNDLE_LOADER = "$(TEST_HOST)";
				CODE_SIGN_STYLE = Automatic;
				CURRENT_PROJECT_VERSION = 1;
				DEVELOPMENT_TEAM = 63Q9843R77;
				GENERATE_INFOPLIST_FILE = YES;
				IPHONEOS_DEPLOYMENT_TARGET = 18.2;
				MARKETING_VERSION = 1.0;
				PRODUCT_BUNDLE_IDENTIFIER = com.rimapps.justlog.JustlogTests;
				PRODUCT_NAME = "$(TARGET_NAME)";
				SWIFT_EMIT_LOC_STRINGS = NO;
				SWIFT_VERSION = 5.0;
				TARGETED_DEVICE_FAMILY = "1,2";
				TEST_HOST = "$(BUILT_PRODUCTS_DIR)/Justlog.app/$(BUNDLE_EXECUTABLE_FOLDER_PATH)/Justlog";
			};
			name = Debug;
		};
		99079F142E0EB8560039C8E4 /* Release */ = {
			isa = XCBuildConfiguration;
			buildSettings = {
				BUNDLE_LOADER = "$(TEST_HOST)";
				CODE_SIGN_STYLE = Automatic;
				CURRENT_PROJECT_VERSION = 1;
				DEVELOPMENT_TEAM = 63Q9843R77;
				GENERATE_INFOPLIST_FILE = YES;
				IPHONEOS_DEPLOYMENT_TARGET = 18.2;
				MARKETING_VERSION = 1.0;
				PRODUCT_BUNDLE_IDENTIFIER = com.rimapps.justlog.JustlogTests;
				PRODUCT_NAME = "$(TARGET_NAME)";
				SWIFT_EMIT_LOC_STRINGS = NO;
				SWIFT_VERSION = 5.0;
				TARGETED_DEVICE_FAMILY = "1,2";
				TEST_HOST = "$(BUILT_PRODUCTS_DIR)/Justlog.app/$(BUNDLE_EXECUTABLE_FOLDER_PATH)/Justlog";
			};
			name = Release;
		};
		99079F162E0EB8560039C8E4 /* Debug */ = {
			isa = XCBuildConfiguration;
			buildSettings = {
				CODE_SIGN_STYLE = Automatic;
				CURRENT_PROJECT_VERSION = 1;
				DEVELOPMENT_TEAM = 63Q9843R77;
				GENERATE_INFOPLIST_FILE = YES;
				MARKETING_VERSION = 1.0;
				PRODUCT_BUNDLE_IDENTIFIER = com.rimapps.justlog.JustlogUITests;
				PRODUCT_NAME = "$(TARGET_NAME)";
				SWIFT_EMIT_LOC_STRINGS = NO;
				SWIFT_VERSION = 5.0;
				TARGETED_DEVICE_FAMILY = "1,2";
				TEST_TARGET_NAME = Justlog;
			};
			name = Debug;
		};
		99079F172E0EB8560039C8E4 /* Release */ = {
			isa = XCBuildConfiguration;
			buildSettings = {
				CODE_SIGN_STYLE = Automatic;
				CURRENT_PROJECT_VERSION = 1;
				DEVELOPMENT_TEAM = 63Q9843R77;
				GENERATE_INFOPLIST_FILE = YES;
				MARKETING_VERSION = 1.0;
				PRODUCT_BUNDLE_IDENTIFIER = com.rimapps.justlog.JustlogUITests;
				PRODUCT_NAME = "$(TARGET_NAME)";
				SWIFT_EMIT_LOC_STRINGS = NO;
				SWIFT_VERSION = 5.0;
				TARGETED_DEVICE_FAMILY = "1,2";
				TEST_TARGET_NAME = Justlog;
			};
			name = Release;
		};
/* End XCBuildConfiguration section */

/* Begin XCConfigurationList section */
		99079EE62E0EB8550039C8E4 /* Build configuration list for PBXProject "Justlog" */ = {
			isa = XCConfigurationList;
			buildConfigurations = (
				99079F0D2E0EB8560039C8E4 /* Debug */,
				99079F0E2E0EB8560039C8E4 /* Release */,
			);
			defaultConfigurationIsVisible = 0;
			defaultConfigurationName = Release;
		};
		99079F0F2E0EB8560039C8E4 /* Build configuration list for PBXNativeTarget "Justlog" */ = {
			isa = XCConfigurationList;
			buildConfigurations = (
				99079F102E0EB8560039C8E4 /* Debug */,
				99079F112E0EB8560039C8E4 /* Release */,
			);
			defaultConfigurationIsVisible = 0;
			defaultConfigurationName = Release;
		};
		99079F122E0EB8560039C8E4 /* Build configuration list for PBXNativeTarget "JustlogTests" */ = {
			isa = XCConfigurationList;
			buildConfigurations = (
				99079F132E0EB8560039C8E4 /* Debug */,
				99079F142E0EB8560039C8E4 /* Release */,
			);
			defaultConfigurationIsVisible = 0;
			defaultConfigurationName = Release;
		};
		99079F152E0EB8560039C8E4 /* Build configuration list for PBXNativeTarget "JustlogUITests" */ = {
			isa = XCConfigurationList;
			buildConfigurations = (
				99079F162E0EB8560039C8E4 /* Debug */,
				99079F172E0EB8560039C8E4 /* Release */,
			);
			defaultConfigurationIsVisible = 0;
			defaultConfigurationName = Release;
		};
/* End XCConfigurationList section */

/* Begin XCRemoteSwiftPackageReference section */
		99079F1A2E0EE6600039C8E4 /* XCRemoteSwiftPackageReference "firebase-ios-sdk" */ = {
			isa = XCRemoteSwiftPackageReference;
			repositoryURL = "https://github.com/firebase/firebase-ios-sdk";
			requirement = {
				kind = upToNextMajorVersion;
				minimumVersion = 11.15.0;
			};
		};
		99079F952E0F25A80039C8E4 /* XCRemoteSwiftPackageReference "GoogleSignIn-iOS" */ = {
			isa = XCRemoteSwiftPackageReference;
			repositoryURL = "https://github.com/google/GoogleSignIn-iOS";
			requirement = {
				kind = upToNextMajorVersion;
				minimumVersion = 8.0.0;
			};
		};
/* End XCRemoteSwiftPackageReference section */

/* Begin XCSwiftPackageProductDependency section */
		99079F3E2E0EEBAE0039C8E4 /* FirebaseCore */ = {
			isa = XCSwiftPackageProductDependency;
			package = 99079F1A2E0EE6600039C8E4 /* XCRemoteSwiftPackageReference "firebase-ios-sdk" */;
			productName = FirebaseCore;
		};
		99079F402E0EEBB20039C8E4 /* FirebaseAuth */ = {
			isa = XCSwiftPackageProductDependency;
			package = 99079F1A2E0EE6600039C8E4 /* XCRemoteSwiftPackageReference "firebase-ios-sdk" */;
			productName = FirebaseAuth;
		};
		99079F422E0EEBB70039C8E4 /* FirebaseDatabase */ = {
			isa = XCSwiftPackageProductDependency;
			package = 99079F1A2E0EE6600039C8E4 /* XCRemoteSwiftPackageReference "firebase-ios-sdk" */;
			productName = FirebaseDatabase;
		};
		99079F442E0EEBBB0039C8E4 /* FirebaseCrashlytics */ = {
			isa = XCSwiftPackageProductDependency;
			package = 99079F1A2E0EE6600039C8E4 /* XCRemoteSwiftPackageReference "firebase-ios-sdk" */;
			productName = FirebaseCrashlytics;
		};
		99079F462E0EEBC00039C8E4 /* FirebaseFirestore */ = {
			isa = XCSwiftPackageProductDependency;
			package = 99079F1A2E0EE6600039C8E4 /* XCRemoteSwiftPackageReference "firebase-ios-sdk" */;
			productName = FirebaseFirestore;
		};
		99079F482E0EEBC30039C8E4 /* FirebaseAnalytics */ = {
			isa = XCSwiftPackageProductDependency;
			package = 99079F1A2E0EE6600039C8E4 /* XCRemoteSwiftPackageReference "firebase-ios-sdk" */;
			productName = FirebaseAnalytics;
		};
		99079F962E0F26B80039C8E4 /* GoogleSignIn */ = {
			isa = XCSwiftPackageProductDependency;
			package = 99079F952E0F25A80039C8E4 /* XCRemoteSwiftPackageReference "GoogleSignIn-iOS" */;
			productName = GoogleSignIn;
		};
		99079F982E0F26B80039C8E4 /* GoogleSignInSwift */ = {
			isa = XCSwiftPackageProductDependency;
			package = 99079F952E0F25A80039C8E4 /* XCRemoteSwiftPackageReference "GoogleSignIn-iOS" */;
			productName = GoogleSignInSwift;
		};
/* End XCSwiftPackageProductDependency section */
	};
	rootObject = 99079EE32E0EB8550039C8E4 /* Project object */;
}
